
Microsoft Visual Studio Solution File, Format Version 10.00
# Visual Studio 2008
Project("{8BC9CEB8-8B4A-11D0-8D11-00A0C91BC942}") = "lemD3D", "Source\lemd3d\lemd3d.vcproj", "{9F9749F6-C8EE-4A22-878A-1AF0AD970BCF}"
EndProject
Global
	GlobalSection(SolutionConfigurationPlatforms) = preSolution
		Debug|Win32 = Debug|Win32
		Release|Win32 = Release|Win32
	EndGlobalSection
	GlobalSection(ProjectConfigurationPlatforms) = postSolution
		{9F9749F6-C8EE-4A22-878A-1AF0AD970BCF}.Debug|Win32.ActiveCfg = Debug|Win32
		{9F9749F6-C8EE-4A22-878A-1AF0AD970BCF}.Debug|Win32.Build.0 = Debug|Win32
		{9F9749F6-C8EE-4A22-878A-1AF0AD970BCF}.Release|Win32.ActiveCfg = Release|Win32
		{9F9749F6-C8EE-4A22-878A-1AF0AD970BCF}.Release|Win32.Build.0 = Release|Win32
	EndGlobalSection
	GlobalSection(SolutionProperties) = preSolution
		HideSolutionNode = FALSE
	EndGlobalSection
EndGlobal
